
Microsoft Visual Studio Solution File, Format Version 12.00
# Visual Studio Version 16
VisualStudioVersion = 16.0.31702.278
MinimumVisualStudioVersion = 10.0.40219.1
Project("{FAE04EC0-301F-11D3-BF4B-00C04F79EFBC}") = "Week10Day2", "Week10Day2\Week10Day2.csproj", "{9607F90B-8B9F-4479-BA46-120B4C2FF2CD}"
EndProject
Global
	GlobalSection(SolutionConfigurationPlatforms) = preSolution
		Debug|Any CPU = Debug|Any CPU
		Release|Any CPU = Release|Any CPU
	EndGlobalSection
	GlobalSection(ProjectConfigurationPlatforms) = postSolution
		{9607F90B-8B9F-4479-BA46-120B4C2FF2CD}.Debug|Any CPU.ActiveCfg = Debug|Any CPU
		{9607F90B-8B9F-4479-BA46-120B4C2FF2CD}.Debug|Any CPU.Build.0 = Debug|Any CPU
		{9607F90B-8B9F-4479-BA46-120B4C2FF2CD}.Release|Any CPU.ActiveCfg = Release|Any CPU
		{9607F90B-8B9F-4479-BA46-120B4C2FF2CD}.Release|Any CPU.Build.0 = Release|Any CPU
	EndGlobalSection
	GlobalSection(SolutionProperties) = preSolution
		HideSolutionNode = FALSE
	EndGlobalSection
	GlobalSection(ExtensibilityGlobals) = postSolution
		SolutionGuid = {87901ED1-D062-42DE-B133-60ED795EDC68}
	EndGlobalSection
EndGlobal
